// !$*UTF8*$!
{
	archiveVersion = 1;
	classes = {
	};
	objectVersion = 55;
	objects = {

/* Begin PBXBuildFile section */
		1B796E282861B03700D3CEEE /* AppDelegate.swift in Sources */ = {isa = PBXBuildFile; fileRef = 1B796E272861B03700D3CEEE /* AppDelegate.swift */; };
		1B796E2A2861B03700D3CEEE /* SceneDelegate.swift in Sources */ = {isa = PBXBuildFile; fileRef = 1B796E292861B03700D3CEEE /* SceneDelegate.swift */; };
		1B796E312861B03900D3CEEE /* Assets.xcassets in Resources */ = {isa = PBXBuildFile; fileRef = 1B796E302861B03900D3CEEE /* Assets.xcassets */; };
		1B796E342861B03900D3CEEE /* LaunchScreen.storyboard in Resources */ = {isa = PBXBuildFile; fileRef = 1B796E322861B03900D3CEEE /* LaunchScreen.storyboard */; };
		1B796E3D2861B05600D3CEEE /* SnapKit in Frameworks */ = {isa = PBXBuildFile; productRef = 1B796E3C2861B05600D3CEEE /* SnapKit */; };
		1B796E402861B06200D3CEEE /* Kingfisher in Frameworks */ = {isa = PBXBuildFile; productRef = 1B796E3F2861B06200D3CEEE /* Kingfisher */; };
		1B796E432861B06F00D3CEEE /* IQKeyboardManagerSwift in Frameworks */ = {isa = PBXBuildFile; productRef = 1B796E422861B06F00D3CEEE /* IQKeyboardManagerSwift */; };
		1B796E492861B09100D3CEEE /* JGProgressHUD in Frameworks */ = {isa = PBXBuildFile; productRef = 1B796E482861B09100D3CEEE /* JGProgressHUD */; };
		1B796E4B2861B0F800D3CEEE /* APIService.swift in Sources */ = {isa = PBXBuildFile; fileRef = 1B796E4A2861B0F800D3CEEE /* APIService.swift */; };
		1B796E4D2861B11A00D3CEEE /* Endpoint.swift in Sources */ = {isa = PBXBuildFile; fileRef = 1B796E4C2861B11A00D3CEEE /* Endpoint.swift */; };
		1B796E4F2861B13E00D3CEEE /* URLSession+Extension.swift in Sources */ = {isa = PBXBuildFile; fileRef = 1B796E4E2861B13E00D3CEEE /* URLSession+Extension.swift */; };
		1B796E512861B15A00D3CEEE /* APIEnum.swift in Sources */ = {isa = PBXBuildFile; fileRef = 1B796E502861B15A00D3CEEE /* APIEnum.swift */; };
		1B796E532861B49F00D3CEEE /* URL+Extension.swift in Sources */ = {isa = PBXBuildFile; fileRef = 1B796E522861B49F00D3CEEE /* URL+Extension.swift */; };
		1B796E552861B5B700D3CEEE /* SearchViewModel.swift in Sources */ = {isa = PBXBuildFile; fileRef = 1B796E542861B5B700D3CEEE /* SearchViewModel.swift */; };
		1B796E572861B6D800D3CEEE /* APIKEY.swift in Sources */ = {isa = PBXBuildFile; fileRef = 1B796E562861B6D800D3CEEE /* APIKEY.swift */; };
		1B796E592861B81B00D3CEEE /* KaKaoModel.swift in Sources */ = {isa = PBXBuildFile; fileRef = 1B796E582861B81B00D3CEEE /* KaKaoModel.swift */; };
		1B796E5E2862B4A300D3CEEE /* SearchViewController.swift in Sources */ = {isa = PBXBuildFile; fileRef = 1B796E5D2862B4A300D3CEEE /* SearchViewController.swift */; };
		1B796E602862B4B400D3CEEE /* SearchView.swift in Sources */ = {isa = PBXBuildFile; fileRef = 1B796E5F2862B4B400D3CEEE /* SearchView.swift */; };
		1B796E632862B4DE00D3CEEE /* BaseUIView.swift in Sources */ = {isa = PBXBuildFile; fileRef = 1B796E622862B4DE00D3CEEE /* BaseUIView.swift */; };
		1B796E652862B4F100D3CEEE /* BaseViewController.swift in Sources */ = {isa = PBXBuildFile; fileRef = 1B796E642862B4F100D3CEEE /* BaseViewController.swift */; };
		1B796E682862B50F00D3CEEE /* ViewRepresentable.swift in Sources */ = {isa = PBXBuildFile; fileRef = 1B796E672862B50F00D3CEEE /* ViewRepresentable.swift */; };
		1B796E6A2862B51D00D3CEEE /* Reusable.swift in Sources */ = {isa = PBXBuildFile; fileRef = 1B796E692862B51D00D3CEEE /* Reusable.swift */; };
		1B796E6D2862B56F00D3CEEE /* SearchCollectionViewCell.swift in Sources */ = {isa = PBXBuildFile; fileRef = 1B796E6C2862B56F00D3CEEE /* SearchCollectionViewCell.swift */; };
		1B796E702862B5DF00D3CEEE /* UIImageView+Extension.swift in Sources */ = {isa = PBXBuildFile; fileRef = 1B796E6F2862B5DF00D3CEEE /* UIImageView+Extension.swift */; };
		1B796E722862B60200D3CEEE /* UICollectionViewCell+Extension.swift in Sources */ = {isa = PBXBuildFile; fileRef = 1B796E712862B60200D3CEEE /* UICollectionViewCell+Extension.swift */; };
		1B796E752862B9A200D3CEEE /* ImageEnum.swift in Sources */ = {isa = PBXBuildFile; fileRef = 1B796E742862B9A200D3CEEE /* ImageEnum.swift */; };
		1B796E7D2862F00C00D3CEEE /* SizeEnum.swift in Sources */ = {isa = PBXBuildFile; fileRef = 1B796E7C2862F00C00D3CEEE /* SizeEnum.swift */; };
		1B796E802863035400D3CEEE /* Toast in Frameworks */ = {isa = PBXBuildFile; productRef = 1B796E7F2863035400D3CEEE /* Toast */; };
		1B796E8328631A6200D3CEEE /* DetailView.swift in Sources */ = {isa = PBXBuildFile; fileRef = 1B796E8228631A6200D3CEEE /* DetailView.swift */; };
		1B796E8528631A6F00D3CEEE /* DetailViewModel.swift in Sources */ = {isa = PBXBuildFile; fileRef = 1B796E8428631A6F00D3CEEE /* DetailViewModel.swift */; };
		1B796E8728631A7F00D3CEEE /* DetailViewController.swift in Sources */ = {isa = PBXBuildFile; fileRef = 1B796E8628631A7F00D3CEEE /* DetailViewController.swift */; };
		1B796E8928631E3500D3CEEE /* Date+Extension.swift in Sources */ = {isa = PBXBuildFile; fileRef = 1B796E8828631E3500D3CEEE /* Date+Extension.swift */; };
		1B796E8E286331C400D3CEEE /* Observable.swift in Sources */ = {isa = PBXBuildFile; fileRef = 1B796E8D286331C400D3CEEE /* Observable.swift */; };
		1B796E902863422800D3CEEE /* Alert+Extension.swift in Sources */ = {isa = PBXBuildFile; fileRef = 1B796E8F2863422800D3CEEE /* Alert+Extension.swift */; };
		1B796E9A28635D4C00D3CEEE /* APIKEY.swift in Sources */ = {isa = PBXBuildFile; fileRef = 1B796E9928635D4C00D3CEEE /* APIKEY.swift */; };
		1B796E9C28635F3E00D3CEEE /* Config.swift in Sources */ = {isa = PBXBuildFile; fileRef = 1B796E9B28635F3E00D3CEEE /* Config.swift */; };
/* End PBXBuildFile section */

/* Begin PBXFileReference section */
		1B796E242861B03700D3CEEE /* MyMVVMProject.app */ = {isa = PBXFileReference; explicitFileType = wrapper.application; includeInIndex = 0; path = MyMVVMProject.app; sourceTree = BUILT_PRODUCTS_DIR; };
		1B796E272861B03700D3CEEE /* AppDelegate.swift */ = {isa = PBXFileReference; lastKnownFileType = sourcecode.swift; path = AppDelegate.swift; sourceTree = "<group>"; };
		1B796E292861B03700D3CEEE /* SceneDelegate.swift */ = {isa = PBXFileReference; lastKnownFileType = sourcecode.swift; path = SceneDelegate.swift; sourceTree = "<group>"; };
		1B796E302861B03900D3CEEE /* Assets.xcassets */ = {isa = PBXFileReference; lastKnownFileType = folder.assetcatalog; path = Assets.xcassets; sourceTree = "<group>"; };
		1B796E332861B03900D3CEEE /* Base */ = {isa = PBXFileReference; lastKnownFileType = file.storyboard; name = Base; path = Base.lproj/LaunchScreen.storyboard; sourceTree = "<group>"; };
		1B796E352861B03900D3CEEE /* Info.plist */ = {isa = PBXFileReference; lastKnownFileType = text.plist.xml; path = Info.plist; sourceTree = "<group>"; };
		1B796E4A2861B0F800D3CEEE /* APIService.swift */ = {isa = PBXFileReference; lastKnownFileType = sourcecode.swift; path = APIService.swift; sourceTree = "<group>"; };
		1B796E4C2861B11A00D3CEEE /* Endpoint.swift */ = {isa = PBXFileReference; lastKnownFileType = sourcecode.swift; path = Endpoint.swift; sourceTree = "<group>"; };
		1B796E4E2861B13E00D3CEEE /* URLSession+Extension.swift */ = {isa = PBXFileReference; lastKnownFileType = sourcecode.swift; path = "URLSession+Extension.swift"; sourceTree = "<group>"; };
		1B796E502861B15A00D3CEEE /* APIEnum.swift */ = {isa = PBXFileReference; lastKnownFileType = sourcecode.swift; path = APIEnum.swift; sourceTree = "<group>"; };
		1B796E522861B49F00D3CEEE /* URL+Extension.swift */ = {isa = PBXFileReference; lastKnownFileType = sourcecode.swift; path = "URL+Extension.swift"; sourceTree = "<group>"; };
		1B796E542861B5B700D3CEEE /* SearchViewModel.swift */ = {isa = PBXFileReference; lastKnownFileType = sourcecode.swift; path = SearchViewModel.swift; sourceTree = "<group>"; };
		1B796E562861B6D800D3CEEE /* APIKEY.swift */ = {isa = PBXFileReference; lastKnownFileType = sourcecode.swift; path = APIKEY.swift; sourceTree = "<group>"; };
		1B796E582861B81B00D3CEEE /* KaKaoModel.swift */ = {isa = PBXFileReference; lastKnownFileType = sourcecode.swift; path = KaKaoModel.swift; sourceTree = "<group>"; };
		1B796E5D2862B4A300D3CEEE /* SearchViewController.swift */ = {isa = PBXFileReference; lastKnownFileType = sourcecode.swift; path = SearchViewController.swift; sourceTree = "<group>"; };
		1B796E5F2862B4B400D3CEEE /* SearchView.swift */ = {isa = PBXFileReference; lastKnownFileType = sourcecode.swift; path = SearchView.swift; sourceTree = "<group>"; };
		1B796E622862B4DE00D3CEEE /* BaseUIView.swift */ = {isa = PBXFileReference; lastKnownFileType = sourcecode.swift; path = BaseUIView.swift; sourceTree = "<group>"; };
		1B796E642862B4F100D3CEEE /* BaseViewController.swift */ = {isa = PBXFileReference; lastKnownFileType = sourcecode.swift; path = BaseViewController.swift; sourceTree = "<group>"; };
		1B796E672862B50F00D3CEEE /* ViewRepresentable.swift */ = {isa = PBXFileReference; lastKnownFileType = sourcecode.swift; path = ViewRepresentable.swift; sourceTree = "<group>"; };
		1B796E692862B51D00D3CEEE /* Reusable.swift */ = {isa = PBXFileReference; lastKnownFileType = sourcecode.swift; path = Reusable.swift; sourceTree = "<group>"; };
		1B796E6C2862B56F00D3CEEE /* SearchCollectionViewCell.swift */ = {isa = PBXFileReference; lastKnownFileType = sourcecode.swift; path = SearchCollectionViewCell.swift; sourceTree = "<group>"; };
		1B796E6F2862B5DF00D3CEEE /* UIImageView+Extension.swift */ = {isa = PBXFileReference; lastKnownFileType = sourcecode.swift; path = "UIImageView+Extension.swift"; sourceTree = "<group>"; };
		1B796E712862B60200D3CEEE /* UICollectionViewCell+Extension.swift */ = {isa = PBXFileReference; lastKnownFileType = sourcecode.swift; path = "UICollectionViewCell+Extension.swift"; sourceTree = "<group>"; };
		1B796E742862B9A200D3CEEE /* ImageEnum.swift */ = {isa = PBXFileReference; lastKnownFileType = sourcecode.swift; path = ImageEnum.swift; sourceTree = "<group>"; };
		1B796E7C2862F00C00D3CEEE /* SizeEnum.swift */ = {isa = PBXFileReference; lastKnownFileType = sourcecode.swift; path = SizeEnum.swift; sourceTree = "<group>"; };
		1B796E8228631A6200D3CEEE /* DetailView.swift */ = {isa = PBXFileReference; lastKnownFileType = sourcecode.swift; path = DetailView.swift; sourceTree = "<group>"; };
		1B796E8428631A6F00D3CEEE /* DetailViewModel.swift */ = {isa = PBXFileReference; lastKnownFileType = sourcecode.swift; path = DetailViewModel.swift; sourceTree = "<group>"; };
		1B796E8628631A7F00D3CEEE /* DetailViewController.swift */ = {isa = PBXFileReference; lastKnownFileType = sourcecode.swift; path = DetailViewController.swift; sourceTree = "<group>"; };
		1B796E8828631E3500D3CEEE /* Date+Extension.swift */ = {isa = PBXFileReference; lastKnownFileType = sourcecode.swift; path = "Date+Extension.swift"; sourceTree = "<group>"; };
		1B796E8D286331C400D3CEEE /* Observable.swift */ = {isa = PBXFileReference; lastKnownFileType = sourcecode.swift; path = Observable.swift; sourceTree = "<group>"; };
		1B796E8F2863422800D3CEEE /* Alert+Extension.swift */ = {isa = PBXFileReference; lastKnownFileType = sourcecode.swift; path = "Alert+Extension.swift"; sourceTree = "<group>"; };
		1B796E9628635CEB00D3CEEE /* testConfig.xcconfig */ = {isa = PBXFileReference; lastKnownFileType = text.xcconfig; path = testConfig.xcconfig; sourceTree = "<group>"; };
		1B796E9928635D4C00D3CEEE /* APIKEY.swift */ = {isa = PBXFileReference; lastKnownFileType = sourcecode.swift; path = APIKEY.swift; sourceTree = "<group>"; };
		1B796E9B28635F3E00D3CEEE /* Config.swift */ = {isa = PBXFileReference; lastKnownFileType = sourcecode.swift; path = Config.swift; sourceTree = "<group>"; };
/* End PBXFileReference section */

/* Begin PBXFrameworksBuildPhase section */
		1B796E212861B03700D3CEEE /* Frameworks */ = {
			isa = PBXFrameworksBuildPhase;
			buildActionMask = 2147483647;
			files = (
				1B796E402861B06200D3CEEE /* Kingfisher in Frameworks */,
				1B796E3D2861B05600D3CEEE /* SnapKit in Frameworks */,
				1B796E432861B06F00D3CEEE /* IQKeyboardManagerSwift in Frameworks */,
				1B796E802863035400D3CEEE /* Toast in Frameworks */,
				1B796E492861B09100D3CEEE /* JGProgressHUD in Frameworks */,
			);
			runOnlyForDeploymentPostprocessing = 0;
		};
/* End PBXFrameworksBuildPhase section */

/* Begin PBXGroup section */
		1B796E1B2861B03700D3CEEE = {
			isa = PBXGroup;
			children = (
				1B796E262861B03700D3CEEE /* MyMVVMProject */,
				1B796E252861B03700D3CEEE /* Products */,
			);
			sourceTree = "<group>";
		};
		1B796E252861B03700D3CEEE /* Products */ = {
			isa = PBXGroup;
			children = (
				1B796E242861B03700D3CEEE /* MyMVVMProject.app */,
			);
			name = Products;
			sourceTree = "<group>";
		};
		1B796E262861B03700D3CEEE /* MyMVVMProject */ = {
			isa = PBXGroup;
			children = (
				1B796E8C286331BE00D3CEEE /* Common */,
				1B796E612862B4CC00D3CEEE /* Base */,
				1B796E7B2862C70000D3CEEE /* Network */,
				1B796E732862B99900D3CEEE /* Enums */,
				1B796E6E2862B5B000D3CEEE /* Extension */,
				1B796E6B2862B53E00D3CEEE /* CustomCellView */,
				1B796E662862B4FE00D3CEEE /* Protocol */,
				1B796E5A2862B42200D3CEEE /* Search */,
				1B796E8128631A5300D3CEEE /* Detail */,
				1B796E272861B03700D3CEEE /* AppDelegate.swift */,
				1B796E292861B03700D3CEEE /* SceneDelegate.swift */,
				1B796E302861B03900D3CEEE /* Assets.xcassets */,
				1B796E322861B03900D3CEEE /* LaunchScreen.storyboard */,
				1B796E352861B03900D3CEEE /* Info.plist */,
				1B796E9628635CEB00D3CEEE /* testConfig.xcconfig */,
			);
			path = MyMVVMProject;
			sourceTree = "<group>";
		};
		1B796E5A2862B42200D3CEEE /* Search */ = {
			isa = PBXGroup;
			children = (
				1B796E5F2862B4B400D3CEEE /* SearchView.swift */,
				1B796E542861B5B700D3CEEE /* SearchViewModel.swift */,
				1B796E5D2862B4A300D3CEEE /* SearchViewController.swift */,
			);
			path = Search;
			sourceTree = "<group>";
		};
		1B796E612862B4CC00D3CEEE /* Base */ = {
			isa = PBXGroup;
			children = (
				1B796E622862B4DE00D3CEEE /* BaseUIView.swift */,
				1B796E642862B4F100D3CEEE /* BaseViewController.swift */,
			);
			path = Base;
			sourceTree = "<group>";
		};
		1B796E662862B4FE00D3CEEE /* Protocol */ = {
			isa = PBXGroup;
			children = (
				1B796E672862B50F00D3CEEE /* ViewRepresentable.swift */,
				1B796E692862B51D00D3CEEE /* Reusable.swift */,
			);
			path = Protocol;
			sourceTree = "<group>";
		};
		1B796E6B2862B53E00D3CEEE /* CustomCellView */ = {
			isa = PBXGroup;
			children = (
				1B796E6C2862B56F00D3CEEE /* SearchCollectionViewCell.swift */,
			);
			path = CustomCellView;
			sourceTree = "<group>";
		};
		1B796E6E2862B5B000D3CEEE /* Extension */ = {
			isa = PBXGroup;
			children = (
				1B796E6F2862B5DF00D3CEEE /* UIImageView+Extension.swift */,
				1B796E712862B60200D3CEEE /* UICollectionViewCell+Extension.swift */,
				1B796E4E2861B13E00D3CEEE /* URLSession+Extension.swift */,
				1B796E522861B49F00D3CEEE /* URL+Extension.swift */,
				1B796E8828631E3500D3CEEE /* Date+Extension.swift */,
				1B796E8F2863422800D3CEEE /* Alert+Extension.swift */,
			);
			path = Extension;
			sourceTree = "<group>";
		};
		1B796E732862B99900D3CEEE /* Enums */ = {
			isa = PBXGroup;
			children = (
				1B796E742862B9A200D3CEEE /* ImageEnum.swift */,
				1B796E502861B15A00D3CEEE /* APIEnum.swift */,
				1B796E7C2862F00C00D3CEEE /* SizeEnum.swift */,
			);
			path = Enums;
			sourceTree = "<group>";
		};
		1B796E7B2862C70000D3CEEE /* Network */ = {
			isa = PBXGroup;
			children = (
				1B796E562861B6D800D3CEEE /* APIKEY.swift */,
				1B796E9928635D4C00D3CEEE /* APIKEY.swift */,
				1B796E582861B81B00D3CEEE /* KaKaoModel.swift */,
				1B796E4A2861B0F800D3CEEE /* APIService.swift */,
				1B796E4C2861B11A00D3CEEE /* Endpoint.swift */,
			);
			path = Network;
			sourceTree = "<group>";
		};
		1B796E8128631A5300D3CEEE /* Detail */ = {
			isa = PBXGroup;
			children = (
				1B796E8228631A6200D3CEEE /* DetailView.swift */,
				1B796E8428631A6F00D3CEEE /* DetailViewModel.swift */,
				1B796E8628631A7F00D3CEEE /* DetailViewController.swift */,
			);
			path = Detail;
			sourceTree = "<group>";
		};
		1B796E8C286331BE00D3CEEE /* Common */ = {
			isa = PBXGroup;
			children = (
				1B796E8D286331C400D3CEEE /* Observable.swift */,
				1B796E9B28635F3E00D3CEEE /* Config.swift */,
			);
			path = Common;
			sourceTree = "<group>";
		};
/* End PBXGroup section */

/* Begin PBXNativeTarget section */
		1B796E232861B03700D3CEEE /* MyMVVMProject */ = {
			isa = PBXNativeTarget;
			buildConfigurationList = 1B796E382861B03900D3CEEE /* Build configuration list for PBXNativeTarget "MyMVVMProject" */;
			buildPhases = (
				1B796E202861B03700D3CEEE /* Sources */,
				1B796E212861B03700D3CEEE /* Frameworks */,
				1B796E222861B03700D3CEEE /* Resources */,
			);
			buildRules = (
			);
			dependencies = (
			);
			name = MyMVVMProject;
			packageProductDependencies = (
				1B796E3C2861B05600D3CEEE /* SnapKit */,
				1B796E3F2861B06200D3CEEE /* Kingfisher */,
				1B796E422861B06F00D3CEEE /* IQKeyboardManagerSwift */,
				1B796E482861B09100D3CEEE /* JGProgressHUD */,
				1B796E7F2863035400D3CEEE /* Toast */,
			);
			productName = MyMVVMProject;
			productReference = 1B796E242861B03700D3CEEE /* MyMVVMProject.app */;
			productType = "com.apple.product-type.application";
		};
/* End PBXNativeTarget section */

/* Begin PBXProject section */
		1B796E1C2861B03700D3CEEE /* Project object */ = {
			isa = PBXProject;
			attributes = {
				BuildIndependentTargetsInParallel = 1;
				LastSwiftUpdateCheck = 1330;
				LastUpgradeCheck = 1330;
				TargetAttributes = {
					1B796E232861B03700D3CEEE = {
						CreatedOnToolsVersion = 13.3.1;
					};
				};
			};
			buildConfigurationList = 1B796E1F2861B03700D3CEEE /* Build configuration list for PBXProject "MyMVVMProject" */;
			compatibilityVersion = "Xcode 13.0";
			developmentRegion = en;
			hasScannedForEncodings = 0;
			knownRegions = (
				en,
				Base,
			);
			mainGroup = 1B796E1B2861B03700D3CEEE;
			packageReferences = (
				1B796E3B2861B05600D3CEEE /* XCRemoteSwiftPackageReference "SnapKit" */,
				1B796E3E2861B06200D3CEEE /* XCRemoteSwiftPackageReference "Kingfisher" */,
				1B796E412861B06F00D3CEEE /* XCRemoteSwiftPackageReference "IQKeyboardManager" */,
				1B796E472861B09100D3CEEE /* XCRemoteSwiftPackageReference "JGProgressHUD" */,
				1B796E7E2863035300D3CEEE /* XCRemoteSwiftPackageReference "Toast-Swift" */,
			);
			productRefGroup = 1B796E252861B03700D3CEEE /* Products */;
			projectDirPath = "";
			projectRoot = "";
			targets = (
				1B796E232861B03700D3CEEE /* MyMVVMProject */,
			);
		};
/* End PBXProject section */

/* Begin PBXResourcesBuildPhase section */
		1B796E222861B03700D3CEEE /* Resources */ = {
			isa = PBXResourcesBuildPhase;
			buildActionMask = 2147483647;
			files = (
				1B796E342861B03900D3CEEE /* LaunchScreen.storyboard in Resources */,
				1B796E312861B03900D3CEEE /* Assets.xcassets in Resources */,
			);
			runOnlyForDeploymentPostprocessing = 0;
		};
/* End PBXResourcesBuildPhase section */

/* Begin PBXSourcesBuildPhase section */
		1B796E202861B03700D3CEEE /* Sources */ = {
			isa = PBXSourcesBuildPhase;
			buildActionMask = 2147483647;
			files = (
				1B796E8E286331C400D3CEEE /* Observable.swift in Sources */,
				1B796E8928631E3500D3CEEE /* Date+Extension.swift in Sources */,
				1B796E9A28635D4C00D3CEEE /* APIKEY.swift in Sources */,
				1B796E752862B9A200D3CEEE /* ImageEnum.swift in Sources */,
				1B796E532861B49F00D3CEEE /* URL+Extension.swift in Sources */,
				1B796E722862B60200D3CEEE /* UICollectionViewCell+Extension.swift in Sources */,
				1B796E572861B6D800D3CEEE /* APIKEY.swift in Sources */,
				1B796E282861B03700D3CEEE /* AppDelegate.swift in Sources */,
				1B796E8328631A6200D3CEEE /* DetailView.swift in Sources */,
				1B796E682862B50F00D3CEEE /* ViewRepresentable.swift in Sources */,
				1B796E4F2861B13E00D3CEEE /* URLSession+Extension.swift in Sources */,
				1B796E7D2862F00C00D3CEEE /* SizeEnum.swift in Sources */,
				1B796E632862B4DE00D3CEEE /* BaseUIView.swift in Sources */,
				1B796E4B2861B0F800D3CEEE /* APIService.swift in Sources */,
				1B796E8528631A6F00D3CEEE /* DetailViewModel.swift in Sources */,
				1B796E592861B81B00D3CEEE /* KaKaoModel.swift in Sources */,
				1B796E702862B5DF00D3CEEE /* UIImageView+Extension.swift in Sources */,
				1B796E902863422800D3CEEE /* Alert+Extension.swift in Sources */,
				1B796E5E2862B4A300D3CEEE /* SearchViewController.swift in Sources */,
				1B796E8728631A7F00D3CEEE /* DetailViewController.swift in Sources */,
				1B796E512861B15A00D3CEEE /* APIEnum.swift in Sources */,
				1B796E6A2862B51D00D3CEEE /* Reusable.swift in Sources */,
				1B796E9C28635F3E00D3CEEE /* Config.swift in Sources */,
				1B796E602862B4B400D3CEEE /* SearchView.swift in Sources */,
				1B796E552861B5B700D3CEEE /* SearchViewModel.swift in Sources */,
				1B796E652862B4F100D3CEEE /* BaseViewController.swift in Sources */,
				1B796E2A2861B03700D3CEEE /* SceneDelegate.swift in Sources */,
				1B796E6D2862B56F00D3CEEE /* SearchCollectionViewCell.swift in Sources */,
				1B796E4D2861B11A00D3CEEE /* Endpoint.swift in Sources */,
			);
			runOnlyForDeploymentPostprocessing = 0;
		};
/* End PBXSourcesBuildPhase section */

/* Begin PBXVariantGroup section */
		1B796E322861B03900D3CEEE /* LaunchScreen.storyboard */ = {
			isa = PBXVariantGroup;
			children = (
				1B796E332861B03900D3CEEE /* Base */,
			);
			name = LaunchScreen.storyboard;
			sourceTree = "<group>";
		};
/* End PBXVariantGroup section */

/* Begin XCBuildConfiguration section */
		1B796E362861B03900D3CEEE /* Debug */ = {
			isa = XCBuildConfiguration;
			buildSettings = {
				ALWAYS_SEARCH_USER_PATHS = NO;
				CLANG_ANALYZER_NONNULL = YES;
				CLANG_ANALYZER_NUMBER_OBJECT_CONVERSION = YES_AGGRESSIVE;
				CLANG_CXX_LANGUAGE_STANDARD = "gnu++17";
				CLANG_ENABLE_MODULES = YES;
				CLANG_ENABLE_OBJC_ARC = YES;
				CLANG_ENABLE_OBJC_WEAK = YES;
				CLANG_WARN_BLOCK_CAPTURE_AUTORELEASING = YES;
				CLANG_WARN_BOOL_CONVERSION = YES;
				CLANG_WARN_COMMA = YES;
				CLANG_WARN_CONSTANT_CONVERSION = YES;
				CLANG_WARN_DEPRECATED_OBJC_IMPLEMENTATIONS = YES;
				CLANG_WARN_DIRECT_OBJC_ISA_USAGE = YES_ERROR;
				CLANG_WARN_DOCUMENTATION_COMMENTS = YES;
				CLANG_WARN_EMPTY_BODY = YES;
				CLANG_WARN_ENUM_CONVERSION = YES;
				CLANG_WARN_INFINITE_RECURSION = YES;
				CLANG_WARN_INT_CONVERSION = YES;
				CLANG_WARN_NON_LITERAL_NULL_CONVERSION = YES;
				CLANG_WARN_OBJC_IMPLICIT_RETAIN_SELF = YES;
				CLANG_WARN_OBJC_LITERAL_CONVERSION = YES;
				CLANG_WARN_OBJC_ROOT_CLASS = YES_ERROR;
				CLANG_WARN_QUOTED_INCLUDE_IN_FRAMEWORK_HEADER = YES;
				CLANG_WARN_RANGE_LOOP_ANALYSIS = YES;
				CLANG_WARN_STRICT_PROTOTYPES = YES;
				CLANG_WARN_SUSPICIOUS_MOVE = YES;
				CLANG_WARN_UNGUARDED_AVAILABILITY = YES_AGGRESSIVE;
				CLANG_WARN_UNREACHABLE_CODE = YES;
				CLANG_WARN__DUPLICATE_METHOD_MATCH = YES;
				COPY_PHASE_STRIP = NO;
				DEBUG_INFORMATION_FORMAT = dwarf;
				ENABLE_STRICT_OBJC_MSGSEND = YES;
				ENABLE_TESTABILITY = YES;
				GCC_C_LANGUAGE_STANDARD = gnu11;
				GCC_DYNAMIC_NO_PIC = NO;
				GCC_NO_COMMON_BLOCKS = YES;
				GCC_OPTIMIZATION_LEVEL = 0;
				GCC_PREPROCESSOR_DEFINITIONS = (
					"DEBUG=1",
					"$(inherited)",
				);
				GCC_WARN_64_TO_32_BIT_CONVERSION = YES;
				GCC_WARN_ABOUT_RETURN_TYPE = YES_ERROR;
				GCC_WARN_UNDECLARED_SELECTOR = YES;
				GCC_WARN_UNINITIALIZED_AUTOS = YES_AGGRESSIVE;
				GCC_WARN_UNUSED_FUNCTION = YES;
				GCC_WARN_UNUSED_VARIABLE = YES;
				IPHONEOS_DEPLOYMENT_TARGET = 14.0;
				MTL_ENABLE_DEBUG_INFO = INCLUDE_SOURCE;
				MTL_FAST_MATH = YES;
				ONLY_ACTIVE_ARCH = YES;
				SDKROOT = iphoneos;
				SWIFT_ACTIVE_COMPILATION_CONDITIONS = DEBUG;
				SWIFT_OPTIMIZATION_LEVEL = "-Onone";
			};
			name = Debug;
		};
		1B796E372861B03900D3CEEE /* Release */ = {
			isa = XCBuildConfiguration;
			buildSettings = {
				ALWAYS_SEARCH_USER_PATHS = NO;
				CLANG_ANALYZER_NONNULL = YES;
				CLANG_ANALYZER_NUMBER_OBJECT_CONVERSION = YES_AGGRESSIVE;
				CLANG_CXX_LANGUAGE_STANDARD = "gnu++17";
				CLANG_ENABLE_MODULES = YES;
				CLANG_ENABLE_OBJC_ARC = YES;
				CLANG_ENABLE_OBJC_WEAK = YES;
				CLANG_WARN_BLOCK_CAPTURE_AUTORELEASING = YES;
				CLANG_WARN_BOOL_CONVERSION = YES;
				CLANG_WARN_COMMA = YES;
				CLANG_WARN_CONSTANT_CONVERSION = YES;
				CLANG_WARN_DEPRECATED_OBJC_IMPLEMENTATIONS = YES;
				CLANG_WARN_DIRECT_OBJC_ISA_USAGE = YES_ERROR;
				CLANG_WARN_DOCUMENTATION_COMMENTS = YES;
				CLANG_WARN_EMPTY_BODY = YES;
				CLANG_WARN_ENUM_CONVERSION = YES;
				CLANG_WARN_INFINITE_RECURSION = YES;
				CLANG_WARN_INT_CONVERSION = YES;
				CLANG_WARN_NON_LITERAL_NULL_CONVERSION = YES;
				CLANG_WARN_OBJC_IMPLICIT_RETAIN_SELF = YES;
				CLANG_WARN_OBJC_LITERAL_CONVERSION = YES;
				CLANG_WARN_OBJC_ROOT_CLASS = YES_ERROR;
				CLANG_WARN_QUOTED_INCLUDE_IN_FRAMEWORK_HEADER = YES;
				CLANG_WARN_RANGE_LOOP_ANALYSIS = YES;
				CLANG_WARN_STRICT_PROTOTYPES = YES;
				CLANG_WARN_SUSPICIOUS_MOVE = YES;
				CLANG_WARN_UNGUARDED_AVAILABILITY = YES_AGGRESSIVE;
				CLANG_WARN_UNREACHABLE_CODE = YES;
				CLANG_WARN__DUPLICATE_METHOD_MATCH = YES;
				COPY_PHASE_STRIP = NO;
				DEBUG_INFORMATION_FORMAT = "dwarf-with-dsym";
				ENABLE_NS_ASSERTIONS = NO;
				ENABLE_STRICT_OBJC_MSGSEND = YES;
				GCC_C_LANGUAGE_STANDARD = gnu11;
				GCC_NO_COMMON_BLOCKS = YES;
				GCC_WARN_64_TO_32_BIT_CONVERSION = YES;
				GCC_WARN_ABOUT_RETURN_TYPE = YES_ERROR;
				GCC_WARN_UNDECLARED_SELECTOR = YES;
				GCC_WARN_UNINITIALIZED_AUTOS = YES_AGGRESSIVE;
				GCC_WARN_UNUSED_FUNCTION = YES;
				GCC_WARN_UNUSED_VARIABLE = YES;
				IPHONEOS_DEPLOYMENT_TARGET = 14.0;
				MTL_ENABLE_DEBUG_INFO = NO;
				MTL_FAST_MATH = YES;
				SDKROOT = iphoneos;
				SWIFT_COMPILATION_MODE = wholemodule;
				SWIFT_OPTIMIZATION_LEVEL = "-O";
				VALIDATE_PRODUCT = YES;
			};
			name = Release;
		};
		1B796E392861B03900D3CEEE /* Debug */ = {
			isa = XCBuildConfiguration;
			baseConfigurationReference = 1B796E9628635CEB00D3CEEE /* testConfig.xcconfig */;
			buildSettings = {
				ASSETCATALOG_COMPILER_APPICON_NAME = AppIcon;
				ASSETCATALOG_COMPILER_GLOBAL_ACCENT_COLOR_NAME = AccentColor;
				CODE_SIGN_STYLE = Automatic;
				CURRENT_PROJECT_VERSION = 1;
				DEVELOPMENT_TEAM = 2EZ5QWFYX2;
				GENERATE_INFOPLIST_FILE = YES;
				INFOPLIST_FILE = MyMVVMProject/Info.plist;
				INFOPLIST_KEY_UIApplicationSupportsIndirectInputEvents = YES;
				INFOPLIST_KEY_UILaunchStoryboardName = LaunchScreen;
				INFOPLIST_KEY_UISupportedInterfaceOrientations_iPad = "UIInterfaceOrientationPortrait UIInterfaceOrientationPortraitUpsideDown UIInterfaceOrientationLandscapeLeft UIInterfaceOrientationLandscapeRight";
				INFOPLIST_KEY_UISupportedInterfaceOrientations_iPhone = "UIInterfaceOrientationPortrait UIInterfaceOrientationLandscapeLeft UIInterfaceOrientationLandscapeRight";
				LD_RUNPATH_SEARCH_PATHS = (
					"$(inherited)",
					"@executable_path/Frameworks",
				);
				MARKETING_VERSION = 1.0;
				PRODUCT_BUNDLE_IDENTIFIER = com.bro.MYMVVMProject;
				PRODUCT_NAME = "$(TARGET_NAME)";
				SWIFT_EMIT_LOC_STRINGS = YES;
				SWIFT_VERSION = 5.0;
				TARGETED_DEVICE_FAMILY = "1,2";
			};
			name = Debug;
		};
		1B796E3A2861B03900D3CEEE /* Release */ = {
			isa = XCBuildConfiguration;
			baseConfigurationReference = 1B796E9628635CEB00D3CEEE /* testConfig.xcconfig */;
			buildSettings = {
				ASSETCATALOG_COMPILER_APPICON_NAME = AppIcon;
				ASSETCATALOG_COMPILER_GLOBAL_ACCENT_COLOR_NAME = AccentColor;
				CODE_SIGN_STYLE = Automatic;
				CURRENT_PROJECT_VERSION = 1;
				DEVELOPMENT_TEAM = 2EZ5QWFYX2;
				GENERATE_INFOPLIST_FILE = YES;
				INFOPLIST_FILE = MyMVVMProject/Info.plist;
				INFOPLIST_KEY_UIApplicationSupportsIndirectInputEvents = YES;
				INFOPLIST_KEY_UILaunchStoryboardName = LaunchScreen;
				INFOPLIST_KEY_UISupportedInterfaceOrientations_iPad = "UIInterfaceOrientationPortrait UIInterfaceOrientationPortraitUpsideDown UIInterfaceOrientationLandscapeLeft UIInterfaceOrientationLandscapeRight";
				INFOPLIST_KEY_UISupportedInterfaceOrientations_iPhone = "UIInterfaceOrientationPortrait UIInterfaceOrientationLandscapeLeft UIInterfaceOrientationLandscapeRight";
				LD_RUNPATH_SEARCH_PATHS = (
					"$(inherited)",
					"@executable_path/Frameworks",
				);
				MARKETING_VERSION = 1.0;
				PRODUCT_BUNDLE_IDENTIFIER = com.bro.MYMVVMProject;
				PRODUCT_NAME = "$(TARGET_NAME)";
				SWIFT_EMIT_LOC_STRINGS = YES;
				SWIFT_VERSION = 5.0;
				TARGETED_DEVICE_FAMILY = "1,2";
			};
			name = Release;
		};
/* End XCBuildConfiguration section */

/* Begin XCConfigurationList section */
		1B796E1F2861B03700D3CEEE /* Build configuration list for PBXProject "MyMVVMProject" */ = {
			isa = XCConfigurationList;
			buildConfigurations = (
				1B796E362861B03900D3CEEE /* Debug */,
				1B796E372861B03900D3CEEE /* Release */,
			);
			defaultConfigurationIsVisible = 0;
			defaultConfigurationName = Release;
		};
		1B796E382861B03900D3CEEE /* Build configuration list for PBXNativeTarget "MyMVVMProject" */ = {
			isa = XCConfigurationList;
			buildConfigurations = (
				1B796E392861B03900D3CEEE /* Debug */,
				1B796E3A2861B03900D3CEEE /* Release */,
			);
			defaultConfigurationIsVisible = 0;
			defaultConfigurationName = Release;
		};
/* End XCConfigurationList section */

/* Begin XCRemoteSwiftPackageReference section */
		1B796E3B2861B05600D3CEEE /* XCRemoteSwiftPackageReference "SnapKit" */ = {
			isa = XCRemoteSwiftPackageReference;
			repositoryURL = "https://github.com/SnapKit/SnapKit.git";
			requirement = {
				kind = upToNextMajorVersion;
				minimumVersion = 5.0.0;
			};
		};
		1B796E3E2861B06200D3CEEE /* XCRemoteSwiftPackageReference "Kingfisher" */ = {
			isa = XCRemoteSwiftPackageReference;
			repositoryURL = "https://github.com/onevcat/Kingfisher.git";
			requirement = {
				kind = upToNextMajorVersion;
				minimumVersion = 7.0.0;
			};
		};
		1B796E412861B06F00D3CEEE /* XCRemoteSwiftPackageReference "IQKeyboardManager" */ = {
			isa = XCRemoteSwiftPackageReference;
			repositoryURL = "https://github.com/hackiftekhar/IQKeyboardManager.git";
			requirement = {
				branch = master;
				kind = branch;
			};
		};
		1B796E472861B09100D3CEEE /* XCRemoteSwiftPackageReference "JGProgressHUD" */ = {
			isa = XCRemoteSwiftPackageReference;
			repositoryURL = "https://github.com/JonasGessner/JGProgressHUD.git";
			requirement = {
				branch = master;
				kind = branch;
			};
		};
		1B796E7E2863035300D3CEEE /* XCRemoteSwiftPackageReference "Toast-Swift" */ = {
			isa = XCRemoteSwiftPackageReference;
			repositoryURL = "https://github.com/scalessec/Toast-Swift.git";
			requirement = {
				kind = upToNextMajorVersion;
				minimumVersion = 5.0.0;
			};
		};
/* End XCRemoteSwiftPackageReference section */

/* Begin XCSwiftPackageProductDependency section */
		1B796E3C2861B05600D3CEEE /* SnapKit */ = {
			isa = XCSwiftPackageProductDependency;
			package = 1B796E3B2861B05600D3CEEE /* XCRemoteSwiftPackageReference "SnapKit" */;
			productName = SnapKit;
		};
		1B796E3F2861B06200D3CEEE /* Kingfisher */ = {
			isa = XCSwiftPackageProductDependency;
			package = 1B796E3E2861B06200D3CEEE /* XCRemoteSwiftPackageReference "Kingfisher" */;
			productName = Kingfisher;
		};
		1B796E422861B06F00D3CEEE /* IQKeyboardManagerSwift */ = {
			isa = XCSwiftPackageProductDependency;
			package = 1B796E412861B06F00D3CEEE /* XCRemoteSwiftPackageReference "IQKeyboardManager" */;
			productName = IQKeyboardManagerSwift;
		};
		1B796E482861B09100D3CEEE /* JGProgressHUD */ = {
			isa = XCSwiftPackageProductDependency;
			package = 1B796E472861B09100D3CEEE /* XCRemoteSwiftPackageReference "JGProgressHUD" */;
			productName = JGProgressHUD;
		};
		1B796E7F2863035400D3CEEE /* Toast */ = {
			isa = XCSwiftPackageProductDependency;
			package = 1B796E7E2863035300D3CEEE /* XCRemoteSwiftPackageReference "Toast-Swift" */;
			productName = Toast;
		};
/* End XCSwiftPackageProductDependency section */
	};
	rootObject = 1B796E1C2861B03700D3CEEE /* Project object */;
}
